
Microsoft Visual Studio Solution File, Format Version 12.00
# Visual Studio Version 16
VisualStudioVersion = 16.0.30907.101
MinimumVisualStudioVersion = 10.0.40219.1
Project("{9A19103F-16F7-4668-BE54-9A1E7A4F7556}") = "GameOfMemoryBlazor", "GameOfMemoryBlazor\GameOfMemoryBlazor.csproj", "{31BB83A3-D8EB-4A44-89FC-ACF25015596C}"
EndProject
Global
	GlobalSection(SolutionConfigurationPlatforms) = preSolution
		Debug|Any CPU = Debug|Any CPU
		Release|Any CPU = Release|Any CPU
	EndGlobalSection
	GlobalSection(ProjectConfigurationPlatforms) = postSolution
		{31BB83A3-D8EB-4A44-89FC-ACF25015596C}.Debug|Any CPU.ActiveCfg = Debug|Any CPU
		{31BB83A3-D8EB-4A44-89FC-ACF25015596C}.Debug|Any CPU.Build.0 = Debug|Any CPU
		{31BB83A3-D8EB-4A44-89FC-ACF25015596C}.Release|Any CPU.ActiveCfg = Release|Any CPU
		{31BB83A3-D8EB-4A44-89FC-ACF25015596C}.Release|Any CPU.Build.0 = Release|Any CPU
	EndGlobalSection
	GlobalSection(SolutionProperties) = preSolution
		HideSolutionNode = FALSE
	EndGlobalSection
	GlobalSection(ExtensibilityGlobals) = postSolution
		SolutionGuid = {347937FC-6DCC-433F-B07B-45BDB8C43414}
	EndGlobalSection
EndGlobal
